
Microsoft Visual Studio Solution File, Format Version 12.00
# Visual Studio Version 17
VisualStudioVersion = 17.9.34714.143
MinimumVisualStudioVersion = 10.0.40219.1
Project("{FAE04EC0-301F-11D3-BF4B-00C04F79EFBC}") = "ProyectoIdentity", "ProyectoIdentity\ProyectoIdentity.csproj", "{383DB6F7-2801-406F-BE85-927B0E4D66D7}"
EndProject
Global
	GlobalSection(SolutionConfigurationPlatforms) = preSolution
		Debug|Any CPU = Debug|Any CPU
		Release|Any CPU = Release|Any CPU
	EndGlobalSection
	GlobalSection(ProjectConfigurationPlatforms) = postSolution
		{383DB6F7-2801-406F-BE85-927B0E4D66D7}.Debug|Any CPU.ActiveCfg = Debug|Any CPU
		{383DB6F7-2801-406F-BE85-927B0E4D66D7}.Debug|Any CPU.Build.0 = Debug|Any CPU
		{383DB6F7-2801-406F-BE85-927B0E4D66D7}.Release|Any CPU.ActiveCfg = Release|Any CPU
		{383DB6F7-2801-406F-BE85-927B0E4D66D7}.Release|Any CPU.Build.0 = Release|Any CPU
	EndGlobalSection
	GlobalSection(SolutionProperties) = preSolution
		HideSolutionNode = FALSE
	EndGlobalSection
	GlobalSection(ExtensibilityGlobals) = postSolution
		SolutionGuid = {D658331B-6F6A-42E5-A425-249045662666}
	EndGlobalSection
EndGlobal
